{
  "name": "workers-sentry",
  "version": "1.0.0",
  "lockfileVersion": 1,
  "requires": true,
  "dependencies": {
    "@sentry/cli": {
      "version": "1.61.0",
      "resolved": "https://registry.npmjs.org/@sentry/cli/-/cli-1.61.0.tgz",
      "integrity": "sha512-pHEhqP1bB4sdO7N5ow/IkRBrPbKT9HZRinq4PhTVIvmG+NW4VVuVZ6k4tlbp+JXmzMcUc/iXynVkTL7zJIlTQw==",
      "requires": {
        "https-proxy-agent": "^5.0.0",
        "mkdirp": "^0.5.5",
        "node-fetch": "^2.6.0",
        "progress": "^2.0.3",
        "proxy-from-env": "^1.1.0"
      }
    },
    "@sentry/core": {
      "version": "5.29.2",
      "resolved": "https://registry.npmjs.org/@sentry/core/-/core-5.29.2.tgz",
      "integrity": "sha512-7WYkoxB5IdlNEbwOwqSU64erUKH4laavPsM0/yQ+jojM76ErxlgEF0u//p5WaLPRzh3iDSt6BH+9TL45oNZeZw==",
      "requires": {
        "@sentry/hub": "5.29.2",
        "@sentry/minimal": "5.29.2",
        "@sentry/types": "5.29.2",
        "@sentry/utils": "5.29.2",
        "tslib": "^1.9.3"
      }
    },
    "@sentry/hub": {
      "version": "5.29.2",
      "resolved": "https://registry.npmjs.org/@sentry/hub/-/hub-5.29.2.tgz",
      "integrity": "sha512-LaAIo2hwUk9ykeh9RF0cwLy6IRw+DjEee8l1HfEaDFUM6TPGlNNGObMJNXb9/95jzWp7jWwOpQjoIE3jepdQJQ==",
      "requires": {
        "@sentry/types": "5.29.2",
        "@sentry/utils": "5.29.2",
        "tslib": "^1.9.3"
      }
    },
    "@sentry/minimal": {
      "version": "5.29.2",
      "resolved": "https://registry.npmjs.org/@sentry/minimal/-/minimal-5.29.2.tgz",
      "integrity": "sha512-0aINSm8fGA1KyM7PavOBe1GDZDxrvnKt+oFnU0L+bTcw8Lr+of+v6Kwd97rkLRNOLw621xP076dL/7LSIzMuhw==",
      "requires": {
        "@sentry/hub": "5.29.2",
        "@sentry/types": "5.29.2",
        "tslib": "^1.9.3"
      }
    },
    "@sentry/types": {
      "version": "5.29.2",
      "resolved": "https://registry.npmjs.org/@sentry/types/-/types-5.29.2.tgz",
      "integrity": "sha512-dM9wgt8wy4WRty75QkqQgrw9FV9F+BOMfmc0iaX13Qos7i6Qs2Q0dxtJ83SoR4YGtW8URaHzlDtWlGs5egBiMA=="
    },
    "@sentry/utils": {
      "version": "5.29.2",
      "resolved": "https://registry.npmjs.org/@sentry/utils/-/utils-5.29.2.tgz",
      "integrity": "sha512-nEwQIDjtFkeE4k6yIk4Ka5XjGRklNLThWLs2xfXlL7uwrYOH2B9UBBOOIRUraBm/g/Xrra3xsam/kRxuiwtXZQ==",
      "requires": {
        "@sentry/types": "5.29.2",
        "tslib": "^1.9.3"
      }
    },
    "@sentry/webpack-plugin": {
      "version": "1.14.0",
      "resolved": "https://registry.npmjs.org/@sentry/webpack-plugin/-/webpack-plugin-1.14.0.tgz",
      "integrity": "sha512-1cS99mnHqASYtMlHi2J107p6x3lfC5NmLOgA0iI6avaaFes8RTQMlW8YT2CyrvhtQod1bViPZOlh3NOVC8vnOA==",
      "requires": {
        "@sentry/cli": "^1.58.0"
      }
    },
    "@types/cookie": {
      "version": "0.4.0",
      "resolved": "https://registry.npmjs.org/@types/cookie/-/cookie-0.4.0.tgz",
      "integrity": "sha512-y7mImlc/rNkvCRmg8gC3/lj87S7pTUIJ6QGjwHR9WQJcFs+ZMTOaoPrkdFA/YdbuqVEmEbb5RdhVxMkAcgOnpg=="
    },
    "@types/uuid": {
      "version": "8.3.0",
      "resolved": "https://registry.npmjs.org/@types/uuid/-/uuid-8.3.0.tgz",
      "integrity": "sha512-eQ9qFW/fhfGJF8WKHGEHZEyVWfZxrT+6CLIJGBcZPfxUh/+BnEj+UCGYMlr9qZuX/2AltsvwrGqp0LhEW8D0zQ=="
    },
    "agent-base": {
      "version": "6.0.2",
      "resolved": "https://registry.npmjs.org/agent-base/-/agent-base-6.0.2.tgz",
      "integrity": "sha512-RZNwNclF7+MS/8bDg70amg32dyeZGZxiDuQmZxKLAlQjr3jGyLx+4Kkk58UO7D2QdgFIQCovuSuZESne6RG6XQ==",
      "requires": {
        "debug": "4"
      }
    },
    "cookie": {
      "version": "0.4.1",
      "resolved": "https://registry.npmjs.org/cookie/-/cookie-0.4.1.tgz",
      "integrity": "sha512-ZwrFkGJxUR3EIoXtO+yVE69Eb7KlixbaeAWfBQB9vVsNn/o+Yw69gBWSSDK825hQNdN+wF8zELf3dFNl/kxkUA=="
    },
    "debug": {
      "version": "4.3.1",
      "resolved": "https://registry.npmjs.org/debug/-/debug-4.3.1.tgz",
      "integrity": "sha512-doEwdvm4PCeK4K3RQN2ZC2BYUBaxwLARCqZmMjtF8a51J2Rb0xpVloFRnCODwqjpwnAoao4pelN8l3RJdv3gRQ==",
      "requires": {
        "ms": "2.1.2"
      }
    },
    "error-stack-parser": {
      "version": "2.0.6",
      "resolved": "https://registry.npmjs.org/error-stack-parser/-/error-stack-parser-2.0.6.tgz",
      "integrity": "sha512-d51brTeqC+BHlwF0BhPtcYgF5nlzf9ZZ0ZIUQNZpc9ZB9qw5IJ2diTrBY9jlCJkTLITYPjmiX6OWCwH+fuyNgQ==",
      "requires": {
        "stackframe": "^1.1.1"
      }
    },
    "https-proxy-agent": {
      "version": "5.0.0",
      "resolved": "https://registry.npmjs.org/https-proxy-agent/-/https-proxy-agent-5.0.0.tgz",
      "integrity": "sha512-EkYm5BcKUGiduxzSt3Eppko+PiNWNEpa4ySk9vTC6wDsQJW9rHSa+UhGNJoRYp7bz6Ht1eaRIa6QaJqO5rCFbA==",
      "requires": {
        "agent-base": "6",
        "debug": "4"
      }
    },
    "minimist": {
      "version": "1.2.5",
      "resolved": "https://registry.npmjs.org/minimist/-/minimist-1.2.5.tgz",
      "integrity": "sha512-FM9nNUYrRBAELZQT3xeZQ7fmMOBg6nWNmJKTcgsJeaLstP/UODVpGsr5OhXhhXg6f+qtJ8uiZ+PUxkDWcgIXLw=="
    },
    "mkdirp": {
      "version": "0.5.5",
      "resolved": "https://registry.npmjs.org/mkdirp/-/mkdirp-0.5.5.tgz",
      "integrity": "sha512-NKmAlESf6jMGym1++R0Ra7wvhV+wFW63FaSOFPwRahvea0gMUcGUhVeAg/0BC0wiv9ih5NYPB1Wn1UEI1/L+xQ==",
      "requires": {
        "minimist": "^1.2.5"
      }
    },
    "ms": {
      "version": "2.1.2",
      "resolved": "https://registry.npmjs.org/ms/-/ms-2.1.2.tgz",
      "integrity": "sha512-sGkPx+VjMtmA6MX27oA4FBFELFCZZ4S4XqeGOXCv68tT+jb3vk/RyaKWP0PTKyWtmLSM0b+adUTEvbs1PEaH2w=="
    },
    "node-fetch": {
      "version": "2.6.1",
      "resolved": "https://registry.npmjs.org/node-fetch/-/node-fetch-2.6.1.tgz",
      "integrity": "sha512-V4aYg89jEoVRxRb2fJdAg8FHvI7cEyYdVAh94HH0UIK8oJxUfkjlDQN9RbMx+bEjP7+ggMiFRprSti032Oipxw=="
    },
    "progress": {
      "version": "2.0.3",
      "resolved": "https://registry.npmjs.org/progress/-/progress-2.0.3.tgz",
      "integrity": "sha512-7PiHtLll5LdnKIMw100I+8xJXR5gW2QwWYkT6iJva0bXitZKa/XMrSbdmg3r2Xnaidz9Qumd0VPaMrZlF9V9sA=="
    },
    "proxy-from-env": {
      "version": "1.1.0",
      "resolved": "https://registry.npmjs.org/proxy-from-env/-/proxy-from-env-1.1.0.tgz",
      "integrity": "sha512-D+zkORCbA9f1tdWRK0RaCR3GPv50cMxcrz4X8k5LTSUD1Dkw47mKJEZQNunItRTkWwgtaUSo1RVFRIG9ZXiFYg=="
    },
    "source-map": {
      "version": "0.5.6",
      "resolved": "https://registry.npmjs.org/source-map/-/source-map-0.5.6.tgz",
      "integrity": "sha1-dc449SvwczxafwwRjYEzSiu19BI="
    },
    "stack-generator": {
      "version": "2.0.5",
      "resolved": "https://registry.npmjs.org/stack-generator/-/stack-generator-2.0.5.tgz",
      "integrity": "sha512-/t1ebrbHkrLrDuNMdeAcsvynWgoH/i4o8EGGfX7dEYDoTXOYVAkEpFdtshlvabzc6JlJ8Kf9YdFEoz7JkzGN9Q==",
      "requires": {
        "stackframe": "^1.1.1"
      }
    },
    "stackframe": {
      "version": "1.2.0",
      "resolved": "https://registry.npmjs.org/stackframe/-/stackframe-1.2.0.tgz",
      "integrity": "sha512-GrdeshiRmS1YLMYgzF16olf2jJ/IzxXY9lhKOskuVziubpTYcYqyOwYeJKzQkwy7uN0fYSsbsC4RQaXf9LCrYA=="
    },
    "stacktrace-gps": {
      "version": "3.0.4",
      "resolved": "https://registry.npmjs.org/stacktrace-gps/-/stacktrace-gps-3.0.4.tgz",
      "integrity": "sha512-qIr8x41yZVSldqdqe6jciXEaSCKw1U8XTXpjDuy0ki/apyTn/r3w9hDAAQOhZdxvsC93H+WwwEu5cq5VemzYeg==",
      "requires": {
        "source-map": "0.5.6",
        "stackframe": "^1.1.1"
      }
    },
    "stacktrace-js": {
      "version": "2.0.2",
      "resolved": "https://registry.npmjs.org/stacktrace-js/-/stacktrace-js-2.0.2.tgz",
      "integrity": "sha512-Je5vBeY4S1r/RnLydLl0TBTi3F2qdfWmYsGvtfZgEI+SCprPppaIhQf5nGcal4gI4cGpCV/duLcAzT1np6sQqg==",
      "requires": {
        "error-stack-parser": "^2.0.6",
        "stack-generator": "^2.0.5",
        "stacktrace-gps": "^3.0.4"
      }
    },
    "toucan-js": {
      "version": "2.2.1",
      "resolved": "https://registry.npmjs.org/toucan-js/-/toucan-js-2.2.1.tgz",
      "integrity": "sha512-0ZfdQatTIuhBTLgVL8l7Mr7xbQGgjVY08uQlxIexVqAqsNjIAaDP2L/rLRdeh1mroBhKFnlHpu0ZsUgdRCw+Lw==",
      "requires": {
        "@sentry/core": "5.29.2",
        "@sentry/types": "5.29.2",
        "@sentry/utils": "5.29.2",
        "@types/cookie": "0.4.0",
        "@types/uuid": "8.3.0",
        "cookie": "0.4.1",
        "stacktrace-js": "2.0.2",
        "uuid": "8.3.2"
      }
    },
    "tslib": {
      "version": "1.14.1",
      "resolved": "https://registry.npmjs.org/tslib/-/tslib-1.14.1.tgz",
      "integrity": "sha512-Xni35NKzjgMrwevysHTCArtLDpPvye8zV/0E4EyYn43P7/7qvQwPh9BGkHewbMulVntbigmcT7rdX3BNo9wRJg=="
    },
    "uuid": {
      "version": "8.3.2",
      "resolved": "https://registry.npmjs.org/uuid/-/uuid-8.3.2.tgz",
      "integrity": "sha512-+NYs2QeMWy+GWFOEm9xnn6HCDp0l7QBD7ml8zLUmJ+93Q5NF0NocErnwkTkXVFNiX3/fpC6afS8Dhb/gz7R7eg=="
    }
  }
}
